
Microsoft Visual Studio Solution File, Format Version 12.00
# Visual Studio Version 17
VisualStudioVersion = 17.8.34408.163
MinimumVisualStudioVersion = 10.0.40219.1
Project("{FAE04EC0-301F-11D3-BF4B-00C04F79EFBC}") = "CurrencyCount", "CurrencyCount.csproj", "{0D5DB71D-222D-4A05-8D0A-8E64716C84FE}"
EndProject
Global
	GlobalSection(SolutionConfigurationPlatforms) = preSolution
		Debug|Any CPU = Debug|Any CPU
		Release|Any CPU = Release|Any CPU
	EndGlobalSection
	GlobalSection(ProjectConfigurationPlatforms) = postSolution
		{0D5DB71D-222D-4A05-8D0A-8E64716C84FE}.Debug|Any CPU.ActiveCfg = Debug|Any CPU
		{0D5DB71D-222D-4A05-8D0A-8E64716C84FE}.Debug|Any CPU.Build.0 = Debug|Any CPU
		{0D5DB71D-222D-4A05-8D0A-8E64716C84FE}.Release|Any CPU.ActiveCfg = Release|Any CPU
		{0D5DB71D-222D-4A05-8D0A-8E64716C84FE}.Release|Any CPU.Build.0 = Release|Any CPU
	EndGlobalSection
	GlobalSection(SolutionProperties) = preSolution
		HideSolutionNode = FALSE
	EndGlobalSection
	GlobalSection(ExtensibilityGlobals) = postSolution
		SolutionGuid = {C181B9E8-C8EF-4A59-AF4D-24DA258E0E06}
	EndGlobalSection
EndGlobal
